Microsoft Visual Studio Solution File, Format Version 10.00
# Visual C++ Express 2008
Project("{8BC9CEB8-8B4A-11D0-8D11-00A0C91BC942}") = "EncodeDirac", "EncodeDirac\EncodeDirac.vcproj", "{547FE1E9-70EF-48D4-B45B-2FF39B39855D}"
	ProjectSection(ProjectDependencies) = postProject
		{2C769629-D6F8-471D-91E7-E01CD8F02634} = {2C769629-D6F8-471D-91E7-E01CD8F02634}
	EndProjectSection
EndProject
Project("{8BC9CEB8-8B4A-11D0-8D11-00A0C91BC942}") = "libdirac_decoder", "DiracDecoder\libdirac_decoder\libdirac_decoder.vcproj", "{89EC2AEB-8284-4213-874B-29D549893FC9}"
EndProject
Project("{8BC9CEB8-8B4A-11D0-8D11-00A0C91BC942}") = "DiracDecoder", "DiracDecoder\DiracDecoder.vcproj", "{7029B512-6BF1-4B6E-A456-F409FF8E2B15}"
	ProjectSection(ProjectDependencies) = postProject
		{E474E61D-AA40-40C5-8DDD-208CCC21463E} = {E474E61D-AA40-40C5-8DDD-208CCC21463E}
		{A45B7D48-9E8D-4475-BED4-CBE3E3CCAD21} = {A45B7D48-9E8D-4475-BED4-CBE3E3CCAD21}
		{89EC2AEB-8284-4213-874B-29D549893FC9} = {89EC2AEB-8284-4213-874B-29D549893FC9}
	EndProjectSection
EndProject
Project("{8BC9CEB8-8B4A-11D0-8D11-00A0C91BC942}") = "libdirac_common", "libdirac_common\libdirac_common.vcproj", "{A45B7D48-9E8D-4475-BED4-CBE3E3CCAD21}"
EndProject
Project("{8BC9CEB8-8B4A-11D0-8D11-00A0C91BC942}") = "libdirac_encoder", "DiracEncoder\libdirac_encoder\libdirac_encoder.vcproj", "{9076B578-583A-493D-96C4-776DCEC0FFBD}"
EndProject
Project("{8BC9CEB8-8B4A-11D0-8D11-00A0C91BC942}") = "DiracEncoder", "DiracEncoder\DiracEncoder.vcproj", "{2C769629-D6F8-471D-91E7-E01CD8F02634}"
	ProjectSection(ProjectDependencies) = postProject
		{E474E61D-AA40-40C5-8DDD-208CCC21463E} = {E474E61D-AA40-40C5-8DDD-208CCC21463E}
		{A45B7D48-9E8D-4475-BED4-CBE3E3CCAD21} = {A45B7D48-9E8D-4475-BED4-CBE3E3CCAD21}
		{9076B578-583A-493D-96C4-776DCEC0FFBD} = {9076B578-583A-493D-96C4-776DCEC0FFBD}
		{C6A615BF-D4EB-4D50-9638-2C715E0695C6} = {C6A615BF-D4EB-4D50-9638-2C715E0695C6}
	EndProjectSection
EndProject
Project("{8BC9CEB8-8B4A-11D0-8D11-00A0C91BC942}") = "libdirac_motionest", "libdirac_motionest\libdirac_motionest.vcproj", "{C6A615BF-D4EB-4D50-9638-2C715E0695C6}"
EndProject
Project("{8BC9CEB8-8B4A-11D0-8D11-00A0C91BC942}") = "InstrumentDirac", "InstrumentDirac\InstrumentDirac.vcproj", "{5C973AC9-0BCD-40F3-9898-C9D47FB3E089}"
	ProjectSection(ProjectDependencies) = postProject
		{93B1C80F-D484-404A-8FA8-0288A2096D0E} = {93B1C80F-D484-404A-8FA8-0288A2096D0E}
		{A45B7D48-9E8D-4475-BED4-CBE3E3CCAD21} = {A45B7D48-9E8D-4475-BED4-CBE3E3CCAD21}
		{9076B578-583A-493D-96C4-776DCEC0FFBD} = {9076B578-583A-493D-96C4-776DCEC0FFBD}
		{C6A615BF-D4EB-4D50-9638-2C715E0695C6} = {C6A615BF-D4EB-4D50-9638-2C715E0695C6}
	EndProjectSection
EndProject
Project("{8BC9CEB8-8B4A-11D0-8D11-00A0C91BC942}") = "libdirac_instrument", "InstrumentDirac\libdirac_instrument\libdirac_instrument.vcproj", "{93B1C80F-D484-404A-8FA8-0288A2096D0E}"
EndProject
Project("{8BC9CEB8-8B4A-11D0-8D11-00A0C91BC942}") = "libconv_common", "ConversionUtils\libconv_common\libconv_common.vcproj", "{B1910FCC-D37C-4872-ADAE-7487997ACFB4}"
EndProject
Project("{8BC9CEB8-8B4A-11D0-8D11-00A0C91BC942}") = "RGBtoBMP", "ConversionUtils\RGBtoBMP\RGBtoBMP.vcproj", "{036099B4-6611-42BA-A1BC-30E4E0997960}"
	ProjectSection(ProjectDependencies) = postProject
		{B1910FCC-D37C-4872-ADAE-7487997ACFB4} = {B1910FCC-D37C-4872-ADAE-7487997ACFB4}
	EndProjectSection
EndProject
Project("{8BC9CEB8-8B4A-11D0-8D11-00A0C91BC942}") = "RGBtoUYVY", "ConversionUtils\RGBtoUYVY\RGBtoUYVY.vcproj", "{2F916724-309F-4C85-A495-CDD449984367}"
	ProjectSection(ProjectDependencies) = postProject
		{B1910FCC-D37C-4872-ADAE-7487997ACFB4} = {B1910FCC-D37C-4872-ADAE-7487997ACFB4}
	EndProjectSection
EndProject
Project("{8BC9CEB8-8B4A-11D0-8D11-00A0C91BC942}") = "RGBtoYUV411", "ConversionUtils\RGBtoYUV411\RGBtoYUV411.vcproj", "{4EFF73A4-3351-4CA1-B549-080BD82EE2BF}"
	ProjectSection(ProjectDependencies) = postProject
		{B1910FCC-D37C-4872-ADAE-7487997ACFB4} = {B1910FCC-D37C-4872-ADAE-7487997ACFB4}
	EndProjectSection
EndProject
Project("{8BC9CEB8-8B4A-11D0-8D11-00A0C91BC942}") = "RGBtoYUV420", "ConversionUtils\RGBtoYUV420\RGBtoYUV420.vcproj", "{E873D5C4-E55E-46C4-B9FF-A24AA4E7CC63}"
	ProjectSection(ProjectDependencies) = postProject
		{B1910FCC-D37C-4872-ADAE-7487997ACFB4} = {B1910FCC-D37C-4872-ADAE-7487997ACFB4}
	EndProjectSection
EndProject
Project("{8BC9CEB8-8B4A-11D0-8D11-00A0C91BC942}") = "RGBtoYUV422", "ConversionUtils\RGBtoYUV422\RGBtoYUV422.vcproj", "{DC5DD8FD-B6A3-49A3-A94C-C085F1BF3F2F}"
	ProjectSection(ProjectDependencies) = postProject
		{B1910FCC-D37C-4872-ADAE-7487997ACFB4} = {B1910FCC-D37C-4872-ADAE-7487997ACFB4}
	EndProjectSection
EndProject
Project("{8BC9CEB8-8B4A-11D0-8D11-00A0C91BC942}") = "RGBtoYUV444", "ConversionUtils\RGBtoYUV444\RGBtoYUV444.vcproj", "{3AE37B17-212E-4840-B71F-4CEF19E95631}"
	ProjectSection(ProjectDependencies) = postProject
		{B1910FCC-D37C-4872-ADAE-7487997ACFB4} = {B1910FCC-D37C-4872-ADAE-7487997ACFB4}
	EndProjectSection
EndProject
Project("{8BC9CEB8-8B4A-11D0-8D11-00A0C91BC942}") = "UYVYtoRGB", "ConversionUtils\UYVYtoRGB\UYVYtoRGB.vcproj", "{7517256C-D7C2-4089-B3D5-533C4BF0C12B}"
	ProjectSection(ProjectDependencies) = postProject
		{B1910FCC-D37C-4872-ADAE-7487997ACFB4} = {B1910FCC-D37C-4872-ADAE-7487997ACFB4}
	EndProjectSection
EndProject
Project("{8BC9CEB8-8B4A-11D0-8D11-00A0C91BC942}") = "YUV411toRGB", "ConversionUtils\YUV411toRGB\YUV411toRGB.vcproj", "{1C1BA318-A550-40AF-AF17-25E868B7C007}"
	ProjectSection(ProjectDependencies) = postProject
		{B1910FCC-D37C-4872-ADAE-7487997ACFB4} = {B1910FCC-D37C-4872-ADAE-7487997ACFB4}
	EndProjectSection
EndProject
Project("{8BC9CEB8-8B4A-11D0-8D11-00A0C91BC942}") = "YUV420toRGB", "ConversionUtils\YUV420toRGB\YUV420toRGB.vcproj", "{BBB9B426-5043-408D-AEED-70EC9AF18ABF}"
	ProjectSection(ProjectDependencies) = postProject
		{B1910FCC-D37C-4872-ADAE-7487997ACFB4} = {B1910FCC-D37C-4872-ADAE-7487997ACFB4}
	EndProjectSection
EndProject
Project("{8BC9CEB8-8B4A-11D0-8D11-00A0C91BC942}") = "YUV422toRGB", "ConversionUtils\YUV422toRGB\YUV422toRGB.vcproj", "{959E784C-8302-4946-9A3B-E119FF68F25C}"
	ProjectSection(ProjectDependencies) = postProject
		{B1910FCC-D37C-4872-ADAE-7487997ACFB4} = {B1910FCC-D37C-4872-ADAE-7487997ACFB4}
	EndProjectSection
EndProject
Project("{8BC9CEB8-8B4A-11D0-8D11-00A0C91BC942}") = "YUV444toRGB", "ConversionUtils\YUV444toRGB\YUV444toRGB.vcproj", "{EC4F243F-59EB-4357-A9CD-51231925047A}"
	ProjectSection(ProjectDependencies) = postProject
		{B1910FCC-D37C-4872-ADAE-7487997ACFB4} = {B1910FCC-D37C-4872-ADAE-7487997ACFB4}
	EndProjectSection
EndProject
Project("{8BC9CEB8-8B4A-11D0-8D11-00A0C91BC942}") = "ConversionUtils", "ConversionUtils\ConversionUtils.vcproj", "{D9235668-CCC4-4D49-9457-C22D55F38A13}"
	ProjectSection(ProjectDependencies) = postProject
		{1F22130E-4AE0-4884-AB16-20DAC400CBC2} = {1F22130E-4AE0-4884-AB16-20DAC400CBC2}
		{3AE37B17-212E-4840-B71F-4CEF19E95631} = {3AE37B17-212E-4840-B71F-4CEF19E95631}
		{1C1BA318-A550-40AF-AF17-25E868B7C007} = {1C1BA318-A550-40AF-AF17-25E868B7C007}
		{2F916724-309F-4C85-A495-CDD449984367} = {2F916724-309F-4C85-A495-CDD449984367}
		{BBB9B426-5043-408D-AEED-70EC9AF18ABF} = {BBB9B426-5043-408D-AEED-70EC9AF18ABF}
		{EC4F243F-59EB-4357-A9CD-51231925047A} = {EC4F243F-59EB-4357-A9CD-51231925047A}
		{959E784C-8302-4946-9A3B-E119FF68F25C} = {959E784C-8302-4946-9A3B-E119FF68F25C}
		{A78E1551-2A92-49D8-B6D5-0B4D54C4BF12} = {A78E1551-2A92-49D8-B6D5-0B4D54C4BF12}
		{7517256C-D7C2-4089-B3D5-533C4BF0C12B} = {7517256C-D7C2-4089-B3D5-533C4BF0C12B}
		{6DA37C72-EBA6-4361-9DED-BDB1E668D0F2} = {6DA37C72-EBA6-4361-9DED-BDB1E668D0F2}
		{5579028B-4553-41A8-9C01-1412C9DCF020} = {5579028B-4553-41A8-9C01-1412C9DCF020}
		{20F2AF91-2DE4-4444-9E6A-27C69BC481CD} = {20F2AF91-2DE4-4444-9E6A-27C69BC481CD}
		{4EFF73A4-3351-4CA1-B549-080BD82EE2BF} = {4EFF73A4-3351-4CA1-B549-080BD82EE2BF}
		{036099B4-6611-42BA-A1BC-30E4E0997960} = {036099B4-6611-42BA-A1BC-30E4E0997960}
		{E873D5C4-E55E-46C4-B9FF-A24AA4E7CC63} = {E873D5C4-E55E-46C4-B9FF-A24AA4E7CC63}
		{D613EAEF-F613-466C-BAE1-6BCDBC04FC57} = {D613EAEF-F613-466C-BAE1-6BCDBC04FC57}
		{95293CF2-A288-44C8-970C-6CF4685C35D7} = {95293CF2-A288-44C8-970C-6CF4685C35D7}
		{DC5DD8FD-B6A3-49A3-A94C-C085F1BF3F2F} = {DC5DD8FD-B6A3-49A3-A94C-C085F1BF3F2F}
	EndProjectSection
EndProject
Project("{8BC9CEB8-8B4A-11D0-8D11-00A0C91BC942}") = "Everything", "Everything\Everything.vcproj", "{F48438BC-2E0A-4559-9A20-B4D8F032BE6A}"
	ProjectSection(ProjectDependencies) = postProject
		{7029B512-6BF1-4B6E-A456-F409FF8E2B15} = {7029B512-6BF1-4B6E-A456-F409FF8E2B15}
		{2C769629-D6F8-471D-91E7-E01CD8F02634} = {2C769629-D6F8-471D-91E7-E01CD8F02634}
		{D9235668-CCC4-4D49-9457-C22D55F38A13} = {D9235668-CCC4-4D49-9457-C22D55F38A13}
		{E932FA89-6EAA-4D9C-A5D3-1C84E3CB7210} = {E932FA89-6EAA-4D9C-A5D3-1C84E3CB7210}
		{5C973AC9-0BCD-40F3-9898-C9D47FB3E089} = {5C973AC9-0BCD-40F3-9898-C9D47FB3E089}
		{547FE1E9-70EF-48D4-B45B-2FF39B39855D} = {547FE1E9-70EF-48D4-B45B-2FF39B39855D}
	EndProjectSection
EndProject
Project("{8BC9CEB8-8B4A-11D0-8D11-00A0C91BC942}") = "BMPtoRGB", "ConversionUtils\BMPtoRGB\BMPtoRGB.vcproj", "{95293CF2-A288-44C8-970C-6CF4685C35D7}"
	ProjectSection(ProjectDependencies) = postProject
		{B1910FCC-D37C-4872-ADAE-7487997ACFB4} = {B1910FCC-D37C-4872-ADAE-7487997ACFB4}
	EndProjectSection
EndProject
Project("{8BC9CEB8-8B4A-11D0-8D11-00A0C91BC942}") = "DecodeDirac", "DecodeDirac\DecodeDirac.vcproj", "{E932FA89-6EAA-4D9C-A5D3-1C84E3CB7210}"
	ProjectSection(ProjectDependencies) = postProject
		{7029B512-6BF1-4B6E-A456-F409FF8E2B15} = {7029B512-6BF1-4B6E-A456-F409FF8E2B15}
	EndProjectSection
EndProject
Project("{8BC9CEB8-8B4A-11D0-8D11-00A0C91BC942}") = "libdirac_byteio", "libdirac_byteio\libdirac_byteio.vcproj", "{E474E61D-AA40-40C5-8DDD-208CCC21463E}"
EndProject
Project("{8BC9CEB8-8B4A-11D0-8D11-00A0C91BC942}") = "UYVYtoYUV422", "ConversionUtils\UYVYtoYUV422\UYVYtoYUV422.vcproj", "{D613EAEF-F613-466C-BAE1-6BCDBC04FC57}"
	ProjectSection(ProjectDependencies) = postProject
		{B1910FCC-D37C-4872-ADAE-7487997ACFB4} = {B1910FCC-D37C-4872-ADAE-7487997ACFB4}
	EndProjectSection
EndProject
Project("{8BC9CEB8-8B4A-11D0-8D11-00A0C91BC942}") = "YUV422toUYVY", "ConversionUtils\YUV422toUYVY\YUV422toUYVY.vcproj", "{5579028B-4553-41A8-9C01-1412C9DCF020}"
	ProjectSection(ProjectDependencies) = postProject
		{B1910FCC-D37C-4872-ADAE-7487997ACFB4} = {B1910FCC-D37C-4872-ADAE-7487997ACFB4}
	EndProjectSection
EndProject
Project("{8BC9CEB8-8B4A-11D0-8D11-00A0C91BC942}") = "YUV420toYUV422", "ConversionUtils\YUV420toYUV422\YUV420toYUV422.vcproj", "{6DA37C72-EBA6-4361-9DED-BDB1E668D0F2}"
	ProjectSection(ProjectDependencies) = postProject
		{B1910FCC-D37C-4872-ADAE-7487997ACFB4} = {B1910FCC-D37C-4872-ADAE-7487997ACFB4}
	EndProjectSection
EndProject
Project("{8BC9CEB8-8B4A-11D0-8D11-00A0C91BC942}") = "YUV422toYUV420", "ConversionUtils\YUV422toYUV420\YUV422toYUV420.vcproj", "{1F22130E-4AE0-4884-AB16-20DAC400CBC2}"
	ProjectSection(ProjectDependencies) = postProject
		{B1910FCC-D37C-4872-ADAE-7487997ACFB4} = {B1910FCC-D37C-4872-ADAE-7487997ACFB4}
	EndProjectSection
EndProject
Project("{8BC9CEB8-8B4A-11D0-8D11-00A0C91BC942}") = "YUV420Down2x2", "ConversionUtils\YUV420Down2x2\YUV420Down2x2.vcproj", "{A78E1551-2A92-49D8-B6D5-0B4D54C4BF12}"
	ProjectSection(ProjectDependencies) = postProject
		{B1910FCC-D37C-4872-ADAE-7487997ACFB4} = {B1910FCC-D37C-4872-ADAE-7487997ACFB4}
	EndProjectSection
EndProject
Project("{8BC9CEB8-8B4A-11D0-8D11-00A0C91BC942}") = "YUV420pt75filter", "ConversionUtils\YUV420pt75filter\YUV420pt75filter.vcproj", "{20F2AF91-2DE4-4444-9E6A-27C69BC481CD}"
	ProjectSection(ProjectDependencies) = postProject
		{B1910FCC-D37C-4872-ADAE-7487997ACFB4} = {B1910FCC-D37C-4872-ADAE-7487997ACFB4}
	EndProjectSection
EndProject
Global
	GlobalSection(SolutionConfigurationPlatforms) = preSolution
		Debug|Win32 = Debug|Win32
		Debug-mmx|Win32 = Debug-mmx|Win32
		Release|Win32 = Release|Win32
		Release-mmx|Win32 = Release-mmx|Win32
		Static-Debug|Win32 = Static-Debug|Win32
		Static-Debug-mmx|Win32 = Static-Debug-mmx|Win32
		Static-Release|Win32 = Static-Release|Win32
		Static-release-mmx|Win32 = Static-release-mmx|Win32
	EndGlobalSection
	GlobalSection(ProjectConfigurationPlatforms) = postSolution
		{547FE1E9-70EF-48D4-B45B-2FF39B39855D}.Debug|Win32.ActiveCfg = Debug|Win32
		{547FE1E9-70EF-48D4-B45B-2FF39B39855D}.Debug|Win32.Build.0 = Debug|Win32
		{547FE1E9-70EF-48D4-B45B-2FF39B39855D}.Debug-mmx|Win32.ActiveCfg = Debug-mmx|Win32
		{547FE1E9-70EF-48D4-B45B-2FF39B39855D}.Debug-mmx|Win32.Build.0 = Debug-mmx|Win32
		{547FE1E9-70EF-48D4-B45B-2FF39B39855D}.Release|Win32.ActiveCfg = Release|Win32
		{547FE1E9-70EF-48D4-B45B-2FF39B39855D}.Release|Win32.Build.0 = Release|Win32
		{547FE1E9-70EF-48D4-B45B-2FF39B39855D}.Release-mmx|Win32.ActiveCfg = Release-mmx|Win32
		{547FE1E9-70EF-48D4-B45B-2FF39B39855D}.Release-mmx|Win32.Build.0 = Release-mmx|Win32
		{547FE1E9-70EF-48D4-B45B-2FF39B39855D}.Static-Debug|Win32.ActiveCfg = Static-Debug|Win32
		{547FE1E9-70EF-48D4-B45B-2FF39B39855D}.Static-Debug|Win32.Build.0 = Static-Debug|Win32
		{547FE1E9-70EF-48D4-B45B-2FF39B39855D}.Static-Debug-mmx|Win32.ActiveCfg = Static-Debug-mmx|Win32
		{547FE1E9-70EF-48D4-B45B-2FF39B39855D}.Static-Debug-mmx|Win32.Build.0 = Static-Debug-mmx|Win32
		{547FE1E9-70EF-48D4-B45B-2FF39B39855D}.Static-Release|Win32.ActiveCfg = Static-Release|Win32
		{547FE1E9-70EF-48D4-B45B-2FF39B39855D}.Static-Release|Win32.Build.0 = Static-Release|Win32
		{547FE1E9-70EF-48D4-B45B-2FF39B39855D}.Static-release-mmx|Win32.ActiveCfg = Static-release-mmx|Win32
		{547FE1E9-70EF-48D4-B45B-2FF39B39855D}.Static-release-mmx|Win32.Build.0 = Static-release-mmx|Win32
		{89EC2AEB-8284-4213-874B-29D549893FC9}.Debug|Win32.ActiveCfg = Debug|Win32
		{89EC2AEB-8284-4213-874B-29D549893FC9}.Debug|Win32.Build.0 = Debug|Win32
		{89EC2AEB-8284-4213-874B-29D549893FC9}.Debug-mmx|Win32.ActiveCfg = Debug-mmx|Win32
		{89EC2AEB-8284-4213-874B-29D549893FC9}.Debug-mmx|Win32.Build.0 = Debug-mmx|Win32
		{89EC2AEB-8284-4213-874B-29D549893FC9}.Release|Win32.ActiveCfg = Release|Win32
		{89EC2AEB-8284-4213-874B-29D549893FC9}.Release|Win32.Build.0 = Release|Win32
		{89EC2AEB-8284-4213-874B-29D549893FC9}.Release-mmx|Win32.ActiveCfg = Release-mmx|Win32
		{89EC2AEB-8284-4213-874B-29D549893FC9}.Release-mmx|Win32.Build.0 = Release-mmx|Win32
		{89EC2AEB-8284-4213-874B-29D549893FC9}.Static-Debug|Win32.ActiveCfg = Debug|Win32
		{89EC2AEB-8284-4213-874B-29D549893FC9}.Static-Debug|Win32.Build.0 = Debug|Win32
		{89EC2AEB-8284-4213-874B-29D549893FC9}.Static-Debug-mmx|Win32.ActiveCfg = Static-Debug-mmx|Win32
		{89EC2AEB-8284-4213-874B-29D549893FC9}.Static-Debug-mmx|Win32.Build.0 = Static-Debug-mmx|Win32
		{89EC2AEB-8284-4213-874B-29D549893FC9}.Static-Release|Win32.ActiveCfg = Release|Win32
		{89EC2AEB-8284-4213-874B-29D549893FC9}.Static-Release|Win32.Build.0 = Release|Win32
		{89EC2AEB-8284-4213-874B-29D549893FC9}.Static-release-mmx|Win32.ActiveCfg = Static-release-mmx|Win32
		{89EC2AEB-8284-4213-874B-29D549893FC9}.Static-release-mmx|Win32.Build.0 = Static-release-mmx|Win32
		{7029B512-6BF1-4B6E-A456-F409FF8E2B15}.Debug|Win32.ActiveCfg = Debug|Win32
		{7029B512-6BF1-4B6E-A456-F409FF8E2B15}.Debug|Win32.Build.0 = Debug|Win32
		{7029B512-6BF1-4B6E-A456-F409FF8E2B15}.Debug-mmx|Win32.ActiveCfg = Debug-mmx|Win32
		{7029B512-6BF1-4B6E-A456-F409FF8E2B15}.Debug-mmx|Win32.Build.0 = Debug-mmx|Win32
		{7029B512-6BF1-4B6E-A456-F409FF8E2B15}.Release|Win32.ActiveCfg = Release|Win32
		{7029B512-6BF1-4B6E-A456-F409FF8E2B15}.Release|Win32.Build.0 = Release|Win32
		{7029B512-6BF1-4B6E-A456-F409FF8E2B15}.Release-mmx|Win32.ActiveCfg = Release-mmx|Win32
		{7029B512-6BF1-4B6E-A456-F409FF8E2B15}.Release-mmx|Win32.Build.0 = Release-mmx|Win32
		{7029B512-6BF1-4B6E-A456-F409FF8E2B15}.Static-Debug|Win32.ActiveCfg = Static-Debug|Win32
		{7029B512-6BF1-4B6E-A456-F409FF8E2B15}.Static-Debug|Win32.Build.0 = Static-Debug|Win32
		{7029B512-6BF1-4B6E-A456-F409FF8E2B15}.Static-Debug-mmx|Win32.ActiveCfg = Static-Debug-mmx|Win32
		{7029B512-6BF1-4B6E-A456-F409FF8E2B15}.Static-Debug-mmx|Win32.Build.0 = Static-Debug-mmx|Win32
		{7029B512-6BF1-4B6E-A456-F409FF8E2B15}.Static-Release|Win32.ActiveCfg = Static-Release|Win32
		{7029B512-6BF1-4B6E-A456-F409FF8E2B15}.Static-Release|Win32.Build.0 = Static-Release|Win32
		{7029B512-6BF1-4B6E-A456-F409FF8E2B15}.Static-release-mmx|Win32.ActiveCfg = Static-release-mmx|Win32
		{7029B512-6BF1-4B6E-A456-F409FF8E2B15}.Static-release-mmx|Win32.Build.0 = Static-release-mmx|Win32
		{A45B7D48-9E8D-4475-BED4-CBE3E3CCAD21}.Debug|Win32.ActiveCfg = Debug|Win32
		{A45B7D48-9E8D-4475-BED4-CBE3E3CCAD21}.Debug|Win32.Build.0 = Debug|Win32
		{A45B7D48-9E8D-4475-BED4-CBE3E3CCAD21}.Debug-mmx|Win32.ActiveCfg = Debug-mmx|Win32
		{A45B7D48-9E8D-4475-BED4-CBE3E3CCAD21}.Debug-mmx|Win32.Build.0 = Debug-mmx|Win32
		{A45B7D48-9E8D-4475-BED4-CBE3E3CCAD21}.Release|Win32.ActiveCfg = Release|Win32
		{A45B7D48-9E8D-4475-BED4-CBE3E3CCAD21}.Release|Win32.Build.0 = Release|Win32
		{A45B7D48-9E8D-4475-BED4-CBE3E3CCAD21}.Release-mmx|Win32.ActiveCfg = Release-mmx|Win32
		{A45B7D48-9E8D-4475-BED4-CBE3E3CCAD21}.Release-mmx|Win32.Build.0 = Release-mmx|Win32
		{A45B7D48-9E8D-4475-BED4-CBE3E3CCAD21}.Static-Debug|Win32.ActiveCfg = Debug|Win32
		{A45B7D48-9E8D-4475-BED4-CBE3E3CCAD21}.Static-Debug|Win32.Build.0 = Debug|Win32
		{A45B7D48-9E8D-4475-BED4-CBE3E3CCAD21}.Static-Debug-mmx|Win32.ActiveCfg = Static-Debug-mmx|Win32
		{A45B7D48-9E8D-4475-BED4-CBE3E3CCAD21}.Static-Debug-mmx|Win32.Build.0 = Static-Debug-mmx|Win32
		{A45B7D48-9E8D-4475-BED4-CBE3E3CCAD21}.Static-Release|Win32.ActiveCfg = Release|Win32
		{A45B7D48-9E8D-4475-BED4-CBE3E3CCAD21}.Static-Release|Win32.Build.0 = Release|Win32
		{A45B7D48-9E8D-4475-BED4-CBE3E3CCAD21}.Static-release-mmx|Win32.ActiveCfg = Static-release-mmx|Win32
		{A45B7D48-9E8D-4475-BED4-CBE3E3CCAD21}.Static-release-mmx|Win32.Build.0 = Static-release-mmx|Win32
		{9076B578-583A-493D-96C4-776DCEC0FFBD}.Debug|Win32.ActiveCfg = Debug|Win32
		{9076B578-583A-493D-96C4-776DCEC0FFBD}.Debug|Win32.Build.0 = Debug|Win32
		{9076B578-583A-493D-96C4-776DCEC0FFBD}.Debug-mmx|Win32.ActiveCfg = Debug-mmx|Win32
		{9076B578-583A-493D-96C4-776DCEC0FFBD}.Debug-mmx|Win32.Build.0 = Debug-mmx|Win32
		{9076B578-583A-493D-96C4-776DCEC0FFBD}.Release|Win32.ActiveCfg = Release|Win32
		{9076B578-583A-493D-96C4-776DCEC0FFBD}.Release|Win32.Build.0 = Release|Win32
		{9076B578-583A-493D-96C4-776DCEC0FFBD}.Release-mmx|Win32.ActiveCfg = Release-mmx|Win32
		{9076B578-583A-493D-96C4-776DCEC0FFBD}.Release-mmx|Win32.Build.0 = Release-mmx|Win32
		{9076B578-583A-493D-96C4-776DCEC0FFBD}.Static-Debug|Win32.ActiveCfg = Debug|Win32
		{9076B578-583A-493D-96C4-776DCEC0FFBD}.Static-Debug|Win32.Build.0 = Debug|Win32
		{9076B578-583A-493D-96C4-776DCEC0FFBD}.Static-Debug-mmx|Win32.ActiveCfg = Static-Debug-mmx|Win32
		{9076B578-583A-493D-96C4-776DCEC0FFBD}.Static-Debug-mmx|Win32.Build.0 = Static-Debug-mmx|Win32
		{9076B578-583A-493D-96C4-776DCEC0FFBD}.Static-Release|Win32.ActiveCfg = Release|Win32
		{9076B578-583A-493D-96C4-776DCEC0FFBD}.Static-Release|Win32.Build.0 = Release|Win32
		{9076B578-583A-493D-96C4-776DCEC0FFBD}.Static-release-mmx|Win32.ActiveCfg = Static-release-mmx|Win32
		{9076B578-583A-493D-96C4-776DCEC0FFBD}.Static-release-mmx|Win32.Build.0 = Static-release-mmx|Win32
		{2C769629-D6F8-471D-91E7-E01CD8F02634}.Debug|Win32.ActiveCfg = Debug|Win32
		{2C769629-D6F8-471D-91E7-E01CD8F02634}.Debug|Win32.Build.0 = Debug|Win32
		{2C769629-D6F8-471D-91E7-E01CD8F02634}.Debug-mmx|Win32.ActiveCfg = Debug-mmx|Win32
		{2C769629-D6F8-471D-91E7-E01CD8F02634}.Debug-mmx|Win32.Build.0 = Debug-mmx|Win32
		{2C769629-D6F8-471D-91E7-E01CD8F02634}.Release|Win32.ActiveCfg = Release|Win32
		{2C769629-D6F8-471D-91E7-E01CD8F02634}.Release|Win32.Build.0 = Release|Win32
		{2C769629-D6F8-471D-91E7-E01CD8F02634}.Release-mmx|Win32.ActiveCfg = Release-mmx|Win32
		{2C769629-D6F8-471D-91E7-E01CD8F02634}.Release-mmx|Win32.Build.0 = Release-mmx|Win32
		{2C769629-D6F8-471D-91E7-E01CD8F02634}.Static-Debug|Win32.ActiveCfg = Static-Debug|Win32
		{2C769629-D6F8-471D-91E7-E01CD8F02634}.Static-Debug|Win32.Build.0 = Static-Debug|Win32
		{2C769629-D6F8-471D-91E7-E01CD8F02634}.Static-Debug-mmx|Win32.ActiveCfg = Static-Debug-mmx|Win32
		{2C769629-D6F8-471D-91E7-E01CD8F02634}.Static-Debug-mmx|Win32.Build.0 = Static-Debug-mmx|Win32
		{2C769629-D6F8-471D-91E7-E01CD8F02634}.Static-Release|Win32.ActiveCfg = Static-Release|Win32
		{2C769629-D6F8-471D-91E7-E01CD8F02634}.Static-Release|Win32.Build.0 = Static-Release|Win32
		{2C769629-D6F8-471D-91E7-E01CD8F02634}.Static-release-mmx|Win32.ActiveCfg = Static-release-mmx|Win32
		{2C769629-D6F8-471D-91E7-E01CD8F02634}.Static-release-mmx|Win32.Build.0 = Static-release-mmx|Win32
		{C6A615BF-D4EB-4D50-9638-2C715E0695C6}.Debug|Win32.ActiveCfg = Debug|Win32
		{C6A615BF-D4EB-4D50-9638-2C715E0695C6}.Debug|Win32.Build.0 = Debug|Win32
		{C6A615BF-D4EB-4D50-9638-2C715E0695C6}.Debug-mmx|Win32.ActiveCfg = Debug-mmx|Win32
		{C6A615BF-D4EB-4D50-9638-2C715E0695C6}.Debug-mmx|Win32.Build.0 = Debug-mmx|Win32
		{C6A615BF-D4EB-4D50-9638-2C715E0695C6}.Release|Win32.ActiveCfg = Release|Win32
		{C6A615BF-D4EB-4D50-9638-2C715E0695C6}.Release|Win32.Build.0 = Release|Win32
		{C6A615BF-D4EB-4D50-9638-2C715E0695C6}.Release-mmx|Win32.ActiveCfg = Release-mmx|Win32
		{C6A615BF-D4EB-4D50-9638-2C715E0695C6}.Release-mmx|Win32.Build.0 = Release-mmx|Win32
		{C6A615BF-D4EB-4D50-9638-2C715E0695C6}.Static-Debug|Win32.ActiveCfg = Debug|Win32
		{C6A615BF-D4EB-4D50-9638-2C715E0695C6}.Static-Debug|Win32.Build.0 = Debug|Win32
		{C6A615BF-D4EB-4D50-9638-2C715E0695C6}.Static-Debug-mmx|Win32.ActiveCfg = Static-Debug-mmx|Win32
		{C6A615BF-D4EB-4D50-9638-2C715E0695C6}.Static-Debug-mmx|Win32.Build.0 = Static-Debug-mmx|Win32
		{C6A615BF-D4EB-4D50-9638-2C715E0695C6}.Static-Release|Win32.ActiveCfg = Release|Win32
		{C6A615BF-D4EB-4D50-9638-2C715E0695C6}.Static-Release|Win32.Build.0 = Release|Win32
		{C6A615BF-D4EB-4D50-9638-2C715E0695C6}.Static-release-mmx|Win32.ActiveCfg = Static-release-mmx|Win32
		{C6A615BF-D4EB-4D50-9638-2C715E0695C6}.Static-release-mmx|Win32.Build.0 = Static-release-mmx|Win32
		{5C973AC9-0BCD-40F3-9898-C9D47FB3E089}.Debug|Win32.ActiveCfg = Debug|Win32
		{5C973AC9-0BCD-40F3-9898-C9D47FB3E089}.Debug|Win32.Build.0 = Debug|Win32
		{5C973AC9-0BCD-40F3-9898-C9D47FB3E089}.Debug-mmx|Win32.ActiveCfg = Debug-mmx|Win32
		{5C973AC9-0BCD-40F3-9898-C9D47FB3E089}.Debug-mmx|Win32.Build.0 = Debug-mmx|Win32
		{5C973AC9-0BCD-40F3-9898-C9D47FB3E089}.Release|Win32.ActiveCfg = Release|Win32
		{5C973AC9-0BCD-40F3-9898-C9D47FB3E089}.Release|Win32.Build.0 = Release|Win32
		{5C973AC9-0BCD-40F3-9898-C9D47FB3E089}.Release-mmx|Win32.ActiveCfg = Release-mmx|Win32
		{5C973AC9-0BCD-40F3-9898-C9D47FB3E089}.Release-mmx|Win32.Build.0 = Release-mmx|Win32
		{5C973AC9-0BCD-40F3-9898-C9D47FB3E089}.Static-Debug|Win32.ActiveCfg = Debug|Win32
		{5C973AC9-0BCD-40F3-9898-C9D47FB3E089}.Static-Debug|Win32.Build.0 = Debug|Win32
		{5C973AC9-0BCD-40F3-9898-C9D47FB3E089}.Static-Debug-mmx|Win32.ActiveCfg = Static-Debug-mmx|Win32
		{5C973AC9-0BCD-40F3-9898-C9D47FB3E089}.Static-Debug-mmx|Win32.Build.0 = Static-Debug-mmx|Win32
		{5C973AC9-0BCD-40F3-9898-C9D47FB3E089}.Static-Release|Win32.ActiveCfg = Release|Win32
		{5C973AC9-0BCD-40F3-9898-C9D47FB3E089}.Static-Release|Win32.Build.0 = Release|Win32
		{5C973AC9-0BCD-40F3-9898-C9D47FB3E089}.Static-release-mmx|Win32.ActiveCfg = Static-release-mmx|Win32
		{5C973AC9-0BCD-40F3-9898-C9D47FB3E089}.Static-release-mmx|Win32.Build.0 = Static-release-mmx|Win32
		{93B1C80F-D484-404A-8FA8-0288A2096D0E}.Debug|Win32.ActiveCfg = Debug|Win32
		{93B1C80F-D484-404A-8FA8-0288A2096D0E}.Debug|Win32.Build.0 = Debug|Win32
		{93B1C80F-D484-404A-8FA8-0288A2096D0E}.Debug-mmx|Win32.ActiveCfg = Debug-mmx|Win32
		{93B1C80F-D484-404A-8FA8-0288A2096D0E}.Debug-mmx|Win32.Build.0 = Debug-mmx|Win32
		{93B1C80F-D484-404A-8FA8-0288A2096D0E}.Release|Win32.ActiveCfg = Release|Win32
		{93B1C80F-D484-404A-8FA8-0288A2096D0E}.Release|Win32.Build.0 = Release|Win32
		{93B1C80F-D484-404A-8FA8-0288A2096D0E}.Release-mmx|Win32.ActiveCfg = Release-mmx|Win32
		{93B1C80F-D484-404A-8FA8-0288A2096D0E}.Release-mmx|Win32.Build.0 = Release-mmx|Win32
		{93B1C80F-D484-404A-8FA8-0288A2096D0E}.Static-Debug|Win32.ActiveCfg = Debug|Win32
		{93B1C80F-D484-404A-8FA8-0288A2096D0E}.Static-Debug|Win32.Build.0 = Debug|Win32
		{93B1C80F-D484-404A-8FA8-0288A2096D0E}.Static-Debug-mmx|Win32.ActiveCfg = Static-Debug-mmx|Win32
		{93B1C80F-D484-404A-8FA8-0288A2096D0E}.Static-Debug-mmx|Win32.Build.0 = Static-Debug-mmx|Win32
		{93B1C80F-D484-404A-8FA8-0288A2096D0E}.Static-Release|Win32.ActiveCfg = Release|Win32
		{93B1C80F-D484-404A-8FA8-0288A2096D0E}.Static-Release|Win32.Build.0 = Release|Win32
		{93B1C80F-D484-404A-8FA8-0288A2096D0E}.Static-release-mmx|Win32.ActiveCfg = Static-release-mmx|Win32
		{93B1C80F-D484-404A-8FA8-0288A2096D0E}.Static-release-mmx|Win32.Build.0 = Static-release-mmx|Win32
		{B1910FCC-D37C-4872-ADAE-7487997ACFB4}.Debug|Win32.ActiveCfg = Debug|Win32
		{B1910FCC-D37C-4872-ADAE-7487997ACFB4}.Debug|Win32.Build.0 = Debug|Win32
		{B1910FCC-D37C-4872-ADAE-7487997ACFB4}.Debug-mmx|Win32.ActiveCfg = Debug-mmx|Win32
		{B1910FCC-D37C-4872-ADAE-7487997ACFB4}.Debug-mmx|Win32.Build.0 = Debug-mmx|Win32
		{B1910FCC-D37C-4872-ADAE-7487997ACFB4}.Release|Win32.ActiveCfg = Release|Win32
		{B1910FCC-D37C-4872-ADAE-7487997ACFB4}.Release|Win32.Build.0 = Release|Win32
		{B1910FCC-D37C-4872-ADAE-7487997ACFB4}.Release-mmx|Win32.ActiveCfg = Release-mmx|Win32
		{B1910FCC-D37C-4872-ADAE-7487997ACFB4}.Release-mmx|Win32.Build.0 = Release-mmx|Win32
		{B1910FCC-D37C-4872-ADAE-7487997ACFB4}.Static-Debug|Win32.ActiveCfg = Debug|Win32
		{B1910FCC-D37C-4872-ADAE-7487997ACFB4}.Static-Debug|Win32.Build.0 = Debug|Win32
		{B1910FCC-D37C-4872-ADAE-7487997ACFB4}.Static-Debug-mmx|Win32.ActiveCfg = Static-Debug-mmx|Win32
		{B1910FCC-D37C-4872-ADAE-7487997ACFB4}.Static-Debug-mmx|Win32.Build.0 = Static-Debug-mmx|Win32
		{B1910FCC-D37C-4872-ADAE-7487997ACFB4}.Static-Release|Win32.ActiveCfg = Release|Win32
		{B1910FCC-D37C-4872-ADAE-7487997ACFB4}.Static-Release|Win32.Build.0 = Release|Win32
		{B1910FCC-D37C-4872-ADAE-7487997ACFB4}.Static-release-mmx|Win32.ActiveCfg = Static-release-mmx|Win32
		{B1910FCC-D37C-4872-ADAE-7487997ACFB4}.Static-release-mmx|Win32.Build.0 = Static-release-mmx|Win32
		{036099B4-6611-42BA-A1BC-30E4E0997960}.Debug|Win32.ActiveCfg = Debug|Win32
		{036099B4-6611-42BA-A1BC-30E4E0997960}.Debug|Win32.Build.0 = Debug|Win32
		{036099B4-6611-42BA-A1BC-30E4E0997960}.Debug-mmx|Win32.ActiveCfg = Debug-mmx|Win32
		{036099B4-6611-42BA-A1BC-30E4E0997960}.Debug-mmx|Win32.Build.0 = Debug-mmx|Win32
		{036099B4-6611-42BA-A1BC-30E4E0997960}.Release|Win32.ActiveCfg = Release|Win32
		{036099B4-6611-42BA-A1BC-30E4E0997960}.Release|Win32.Build.0 = Release|Win32
		{036099B4-6611-42BA-A1BC-30E4E0997960}.Release-mmx|Win32.ActiveCfg = Release-mmx|Win32
		{036099B4-6611-42BA-A1BC-30E4E0997960}.Release-mmx|Win32.Build.0 = Release-mmx|Win32
		{036099B4-6611-42BA-A1BC-30E4E0997960}.Static-Debug|Win32.ActiveCfg = Debug|Win32
		{036099B4-6611-42BA-A1BC-30E4E0997960}.Static-Debug|Win32.Build.0 = Debug|Win32
		{036099B4-6611-42BA-A1BC-30E4E0997960}.Static-Debug-mmx|Win32.ActiveCfg = Static-Debug-mmx|Win32
		{036099B4-6611-42BA-A1BC-30E4E0997960}.Static-Debug-mmx|Win32.Build.0 = Static-Debug-mmx|Win32
		{036099B4-6611-42BA-A1BC-30E4E0997960}.Static-Release|Win32.ActiveCfg = Release|Win32
		{036099B4-6611-42BA-A1BC-30E4E0997960}.Static-Release|Win32.Build.0 = Release|Win32
		{036099B4-6611-42BA-A1BC-30E4E0997960}.Static-release-mmx|Win32.ActiveCfg = Static-release-mmx|Win32
		{036099B4-6611-42BA-A1BC-30E4E0997960}.Static-release-mmx|Win32.Build.0 = Static-release-mmx|Win32
		{2F916724-309F-4C85-A495-CDD449984367}.Debug|Win32.ActiveCfg = Debug|Win32
		{2F916724-309F-4C85-A495-CDD449984367}.Debug|Win32.Build.0 = Debug|Win32
		{2F916724-309F-4C85-A495-CDD449984367}.Debug-mmx|Win32.ActiveCfg = Debug-mmx|Win32
		{2F916724-309F-4C85-A495-CDD449984367}.Debug-mmx|Win32.Build.0 = Debug-mmx|Win32
		{2F916724-309F-4C85-A495-CDD449984367}.Release|Win32.ActiveCfg = Release|Win32
		{2F916724-309F-4C85-A495-CDD449984367}.Release|Win32.Build.0 = Release|Win32
		{2F916724-309F-4C85-A495-CDD449984367}.Release-mmx|Win32.ActiveCfg = Release-mmx|Win32
		{2F916724-309F-4C85-A495-CDD449984367}.Release-mmx|Win32.Build.0 = Release-mmx|Win32
		{2F916724-309F-4C85-A495-CDD449984367}.Static-Debug|Win32.ActiveCfg = Debug|Win32
		{2F916724-309F-4C85-A495-CDD449984367}.Static-Debug|Win32.Build.0 = Debug|Win32
		{2F916724-309F-4C85-A495-CDD449984367}.Static-Debug-mmx|Win32.ActiveCfg = Static-Debug-mmx|Win32
		{2F916724-309F-4C85-A495-CDD449984367}.Static-Debug-mmx|Win32.Build.0 = Static-Debug-mmx|Win32
		{2F916724-309F-4C85-A495-CDD449984367}.Static-Release|Win32.ActiveCfg = Release|Win32
		{2F916724-309F-4C85-A495-CDD449984367}.Static-Release|Win32.Build.0 = Release|Win32
		{2F916724-309F-4C85-A495-CDD449984367}.Static-release-mmx|Win32.ActiveCfg = Static-release-mmx|Win32
		{2F916724-309F-4C85-A495-CDD449984367}.Static-release-mmx|Win32.Build.0 = Static-release-mmx|Win32
		{4EFF73A4-3351-4CA1-B549-080BD82EE2BF}.Debug|Win32.ActiveCfg = Debug|Win32
		{4EFF73A4-3351-4CA1-B549-080BD82EE2BF}.Debug|Win32.Build.0 = Debug|Win32
		{4EFF73A4-3351-4CA1-B549-080BD82EE2BF}.Debug-mmx|Win32.ActiveCfg = Debug-mmx|Win32
		{4EFF73A4-3351-4CA1-B549-080BD82EE2BF}.Debug-mmx|Win32.Build.0 = Debug-mmx|Win32
		{4EFF73A4-3351-4CA1-B549-080BD82EE2BF}.Release|Win32.ActiveCfg = Release|Win32
		{4EFF73A4-3351-4CA1-B549-080BD82EE2BF}.Release|Win32.Build.0 = Release|Win32
		{4EFF73A4-3351-4CA1-B549-080BD82EE2BF}.Release-mmx|Win32.ActiveCfg = Release-mmx|Win32
		{4EFF73A4-3351-4CA1-B549-080BD82EE2BF}.Release-mmx|Win32.Build.0 = Release-mmx|Win32
		{4EFF73A4-3351-4CA1-B549-080BD82EE2BF}.Static-Debug|Win32.ActiveCfg = Debug|Win32
		{4EFF73A4-3351-4CA1-B549-080BD82EE2BF}.Static-Debug|Win32.Build.0 = Debug|Win32
		{4EFF73A4-3351-4CA1-B549-080BD82EE2BF}.Static-Debug-mmx|Win32.ActiveCfg = Static-Debug-mmx|Win32
		{4EFF73A4-3351-4CA1-B549-080BD82EE2BF}.Static-Debug-mmx|Win32.Build.0 = Static-Debug-mmx|Win32
		{4EFF73A4-3351-4CA1-B549-080BD82EE2BF}.Static-Release|Win32.ActiveCfg = Release|Win32
		{4EFF73A4-3351-4CA1-B549-080BD82EE2BF}.Static-Release|Win32.Build.0 = Release|Win32
		{4EFF73A4-3351-4CA1-B549-080BD82EE2BF}.Static-release-mmx|Win32.ActiveCfg = Static-release-mmx|Win32
		{4EFF73A4-3351-4CA1-B549-080BD82EE2BF}.Static-release-mmx|Win32.Build.0 = Static-release-mmx|Win32
		{E873D5C4-E55E-46C4-B9FF-A24AA4E7CC63}.Debug|Win32.ActiveCfg = Debug|Win32
		{E873D5C4-E55E-46C4-B9FF-A24AA4E7CC63}.Debug|Win32.Build.0 = Debug|Win32
		{E873D5C4-E55E-46C4-B9FF-A24AA4E7CC63}.Debug-mmx|Win32.ActiveCfg = Debug-mmx|Win32
		{E873D5C4-E55E-46C4-B9FF-A24AA4E7CC63}.Debug-mmx|Win32.Build.0 = Debug-mmx|Win32
		{E873D5C4-E55E-46C4-B9FF-A24AA4E7CC63}.Release|Win32.ActiveCfg = Release|Win32
		{E873D5C4-E55E-46C4-B9FF-A24AA4E7CC63}.Release|Win32.Build.0 = Release|Win32
		{E873D5C4-E55E-46C4-B9FF-A24AA4E7CC63}.Release-mmx|Win32.ActiveCfg = Release-mmx|Win32
		{E873D5C4-E55E-46C4-B9FF-A24AA4E7CC63}.Release-mmx|Win32.Build.0 = Release-mmx|Win32
		{E873D5C4-E55E-46C4-B9FF-A24AA4E7CC63}.Static-Debug|Win32.ActiveCfg = Debug|Win32
		{E873D5C4-E55E-46C4-B9FF-A24AA4E7CC63}.Static-Debug|Win32.Build.0 = Debug|Win32
		{E873D5C4-E55E-46C4-B9FF-A24AA4E7CC63}.Static-Debug-mmx|Win32.ActiveCfg = Static-Debug-mmx|Win32
		{E873D5C4-E55E-46C4-B9FF-A24AA4E7CC63}.Static-Debug-mmx|Win32.Build.0 = Static-Debug-mmx|Win32
		{E873D5C4-E55E-46C4-B9FF-A24AA4E7CC63}.Static-Release|Win32.ActiveCfg = Release|Win32
		{E873D5C4-E55E-46C4-B9FF-A24AA4E7CC63}.Static-Release|Win32.Build.0 = Release|Win32
		{E873D5C4-E55E-46C4-B9FF-A24AA4E7CC63}.Static-release-mmx|Win32.ActiveCfg = Static-release-mmx|Win32
		{E873D5C4-E55E-46C4-B9FF-A24AA4E7CC63}.Static-release-mmx|Win32.Build.0 = Static-release-mmx|Win32
		{DC5DD8FD-B6A3-49A3-A94C-C085F1BF3F2F}.Debug|Win32.ActiveCfg = Debug|Win32
		{DC5DD8FD-B6A3-49A3-A94C-C085F1BF3F2F}.Debug|Win32.Build.0 = Debug|Win32
		{DC5DD8FD-B6A3-49A3-A94C-C085F1BF3F2F}.Debug-mmx|Win32.ActiveCfg = Debug-mmx|Win32
		{DC5DD8FD-B6A3-49A3-A94C-C085F1BF3F2F}.Debug-mmx|Win32.Build.0 = Debug-mmx|Win32
		{DC5DD8FD-B6A3-49A3-A94C-C085F1BF3F2F}.Release|Win32.ActiveCfg = Release|Win32
		{DC5DD8FD-B6A3-49A3-A94C-C085F1BF3F2F}.Release|Win32.Build.0 = Release|Win32
		{DC5DD8FD-B6A3-49A3-A94C-C085F1BF3F2F}.Release-mmx|Win32.ActiveCfg = Release-mmx|Win32
		{DC5DD8FD-B6A3-49A3-A94C-C085F1BF3F2F}.Release-mmx|Win32.Build.0 = Release-mmx|Win32
		{DC5DD8FD-B6A3-49A3-A94C-C085F1BF3F2F}.Static-Debug|Win32.ActiveCfg = Debug|Win32
		{DC5DD8FD-B6A3-49A3-A94C-C085F1BF3F2F}.Static-Debug|Win32.Build.0 = Debug|Win32
		{DC5DD8FD-B6A3-49A3-A94C-C085F1BF3F2F}.Static-Debug-mmx|Win32.ActiveCfg = Static-Debug-mmx|Win32
		{DC5DD8FD-B6A3-49A3-A94C-C085F1BF3F2F}.Static-Debug-mmx|Win32.Build.0 = Static-Debug-mmx|Win32
		{DC5DD8FD-B6A3-49A3-A94C-C085F1BF3F2F}.Static-Release|Win32.ActiveCfg = Release|Win32
		{DC5DD8FD-B6A3-49A3-A94C-C085F1BF3F2F}.Static-Release|Win32.Build.0 = Release|Win32
		{DC5DD8FD-B6A3-49A3-A94C-C085F1BF3F2F}.Static-release-mmx|Win32.ActiveCfg = Static-release-mmx|Win32
		{DC5DD8FD-B6A3-49A3-A94C-C085F1BF3F2F}.Static-release-mmx|Win32.Build.0 = Static-release-mmx|Win32
		{3AE37B17-212E-4840-B71F-4CEF19E95631}.Debug|Win32.ActiveCfg = Debug|Win32
		{3AE37B17-212E-4840-B71F-4CEF19E95631}.Debug|Win32.Build.0 = Debug|Win32
		{3AE37B17-212E-4840-B71F-4CEF19E95631}.Debug-mmx|Win32.ActiveCfg = Debug-mmx|Win32
		{3AE37B17-212E-4840-B71F-4CEF19E95631}.Debug-mmx|Win32.Build.0 = Debug-mmx|Win32
		{3AE37B17-212E-4840-B71F-4CEF19E95631}.Release|Win32.ActiveCfg = Release|Win32
		{3AE37B17-212E-4840-B71F-4CEF19E95631}.Release|Win32.Build.0 = Release|Win32
		{3AE37B17-212E-4840-B71F-4CEF19E95631}.Release-mmx|Win32.ActiveCfg = Release-mmx|Win32
		{3AE37B17-212E-4840-B71F-4CEF19E95631}.Release-mmx|Win32.Build.0 = Release-mmx|Win32
		{3AE37B17-212E-4840-B71F-4CEF19E95631}.Static-Debug|Win32.ActiveCfg = Debug|Win32
		{3AE37B17-212E-4840-B71F-4CEF19E95631}.Static-Debug|Win32.Build.0 = Debug|Win32
		{3AE37B17-212E-4840-B71F-4CEF19E95631}.Static-Debug-mmx|Win32.ActiveCfg = Static-Debug-mmx|Win32
		{3AE37B17-212E-4840-B71F-4CEF19E95631}.Static-Debug-mmx|Win32.Build.0 = Static-Debug-mmx|Win32
		{3AE37B17-212E-4840-B71F-4CEF19E95631}.Static-Release|Win32.ActiveCfg = Release|Win32
		{3AE37B17-212E-4840-B71F-4CEF19E95631}.Static-Release|Win32.Build.0 = Release|Win32
		{3AE37B17-212E-4840-B71F-4CEF19E95631}.Static-release-mmx|Win32.ActiveCfg = Static-release-mmx|Win32
		{3AE37B17-212E-4840-B71F-4CEF19E95631}.Static-release-mmx|Win32.Build.0 = Static-release-mmx|Win32
		{7517256C-D7C2-4089-B3D5-533C4BF0C12B}.Debug|Win32.ActiveCfg = Debug|Win32
		{7517256C-D7C2-4089-B3D5-533C4BF0C12B}.Debug|Win32.Build.0 = Debug|Win32
		{7517256C-D7C2-4089-B3D5-533C4BF0C12B}.Debug-mmx|Win32.ActiveCfg = Debug-mmx|Win32
		{7517256C-D7C2-4089-B3D5-533C4BF0C12B}.Debug-mmx|Win32.Build.0 = Debug-mmx|Win32
		{7517256C-D7C2-4089-B3D5-533C4BF0C12B}.Release|Win32.ActiveCfg = Release|Win32
		{7517256C-D7C2-4089-B3D5-533C4BF0C12B}.Release|Win32.Build.0 = Release|Win32
		{7517256C-D7C2-4089-B3D5-533C4BF0C12B}.Release-mmx|Win32.ActiveCfg = Release-mmx|Win32
		{7517256C-D7C2-4089-B3D5-533C4BF0C12B}.Release-mmx|Win32.Build.0 = Release-mmx|Win32
		{7517256C-D7C2-4089-B3D5-533C4BF0C12B}.Static-Debug|Win32.ActiveCfg = Debug|Win32
		{7517256C-D7C2-4089-B3D5-533C4BF0C12B}.Static-Debug|Win32.Build.0 = Debug|Win32
		{7517256C-D7C2-4089-B3D5-533C4BF0C12B}.Static-Debug-mmx|Win32.ActiveCfg = Static-Debug-mmx|Win32
		{7517256C-D7C2-4089-B3D5-533C4BF0C12B}.Static-Debug-mmx|Win32.Build.0 = Static-Debug-mmx|Win32
		{7517256C-D7C2-4089-B3D5-533C4BF0C12B}.Static-Release|Win32.ActiveCfg = Release|Win32
		{7517256C-D7C2-4089-B3D5-533C4BF0C12B}.Static-Release|Win32.Build.0 = Release|Win32
		{7517256C-D7C2-4089-B3D5-533C4BF0C12B}.Static-release-mmx|Win32.ActiveCfg = Static-release-mmx|Win32
		{7517256C-D7C2-4089-B3D5-533C4BF0C12B}.Static-release-mmx|Win32.Build.0 = Static-release-mmx|Win32
		{1C1BA318-A550-40AF-AF17-25E868B7C007}.Debug|Win32.ActiveCfg = Debug|Win32
		{1C1BA318-A550-40AF-AF17-25E868B7C007}.Debug|Win32.Build.0 = Debug|Win32
		{1C1BA318-A550-40AF-AF17-25E868B7C007}.Debug-mmx|Win32.ActiveCfg = Debug-mmx|Win32
		{1C1BA318-A550-40AF-AF17-25E868B7C007}.Debug-mmx|Win32.Build.0 = Debug-mmx|Win32
		{1C1BA318-A550-40AF-AF17-25E868B7C007}.Release|Win32.ActiveCfg = Release|Win32
		{1C1BA318-A550-40AF-AF17-25E868B7C007}.Release|Win32.Build.0 = Release|Win32
		{1C1BA318-A550-40AF-AF17-25E868B7C007}.Release-mmx|Win32.ActiveCfg = Release-mmx|Win32
		{1C1BA318-A550-40AF-AF17-25E868B7C007}.Release-mmx|Win32.Build.0 = Release-mmx|Win32
		{1C1BA318-A550-40AF-AF17-25E868B7C007}.Static-Debug|Win32.ActiveCfg = Debug|Win32
		{1C1BA318-A550-40AF-AF17-25E868B7C007}.Static-Debug|Win32.Build.0 = Debug|Win32
		{1C1BA318-A550-40AF-AF17-25E868B7C007}.Static-Debug-mmx|Win32.ActiveCfg = Static-Debug-mmx|Win32
		{1C1BA318-A550-40AF-AF17-25E868B7C007}.Static-Debug-mmx|Win32.Build.0 = Static-Debug-mmx|Win32
		{1C1BA318-A550-40AF-AF17-25E868B7C007}.Static-Release|Win32.ActiveCfg = Release|Win32
		{1C1BA318-A550-40AF-AF17-25E868B7C007}.Static-Release|Win32.Build.0 = Release|Win32
		{1C1BA318-A550-40AF-AF17-25E868B7C007}.Static-release-mmx|Win32.ActiveCfg = Static-release-mmx|Win32
		{1C1BA318-A550-40AF-AF17-25E868B7C007}.Static-release-mmx|Win32.Build.0 = Static-release-mmx|Win32
		{BBB9B426-5043-408D-AEED-70EC9AF18ABF}.Debug|Win32.ActiveCfg = Debug|Win32
		{BBB9B426-5043-408D-AEED-70EC9AF18ABF}.Debug|Win32.Build.0 = Debug|Win32
		{BBB9B426-5043-408D-AEED-70EC9AF18ABF}.Debug-mmx|Win32.ActiveCfg = Debug-mmx|Win32
		{BBB9B426-5043-408D-AEED-70EC9AF18ABF}.Debug-mmx|Win32.Build.0 = Debug-mmx|Win32
		{BBB9B426-5043-408D-AEED-70EC9AF18ABF}.Release|Win32.ActiveCfg = Release|Win32
		{BBB9B426-5043-408D-AEED-70EC9AF18ABF}.Release|Win32.Build.0 = Release|Win32
		{BBB9B426-5043-408D-AEED-70EC9AF18ABF}.Release-mmx|Win32.ActiveCfg = Release-mmx|Win32
		{BBB9B426-5043-408D-AEED-70EC9AF18ABF}.Release-mmx|Win32.Build.0 = Release-mmx|Win32
		{BBB9B426-5043-408D-AEED-70EC9AF18ABF}.Static-Debug|Win32.ActiveCfg = Debug|Win32
		{BBB9B426-5043-408D-AEED-70EC9AF18ABF}.Static-Debug|Win32.Build.0 = Debug|Win32
		{BBB9B426-5043-408D-AEED-70EC9AF18ABF}.Static-Debug-mmx|Win32.ActiveCfg = Static-Debug-mmx|Win32
		{BBB9B426-5043-408D-AEED-70EC9AF18ABF}.Static-Debug-mmx|Win32.Build.0 = Static-Debug-mmx|Win32
		{BBB9B426-5043-408D-AEED-70EC9AF18ABF}.Static-Release|Win32.ActiveCfg = Release|Win32
		{BBB9B426-5043-408D-AEED-70EC9AF18ABF}.Static-Release|Win32.Build.0 = Release|Win32
		{BBB9B426-5043-408D-AEED-70EC9AF18ABF}.Static-release-mmx|Win32.ActiveCfg = Static-release-mmx|Win32
		{BBB9B426-5043-408D-AEED-70EC9AF18ABF}.Static-release-mmx|Win32.Build.0 = Static-release-mmx|Win32
		{959E784C-8302-4946-9A3B-E119FF68F25C}.Debug|Win32.ActiveCfg = Debug|Win32
		{959E784C-8302-4946-9A3B-E119FF68F25C}.Debug|Win32.Build.0 = Debug|Win32
		{959E784C-8302-4946-9A3B-E119FF68F25C}.Debug-mmx|Win32.ActiveCfg = Debug-mmx|Win32
		{959E784C-8302-4946-9A3B-E119FF68F25C}.Debug-mmx|Win32.Build.0 = Debug-mmx|Win32
		{959E784C-8302-4946-9A3B-E119FF68F25C}.Release|Win32.ActiveCfg = Release|Win32
		{959E784C-8302-4946-9A3B-E119FF68F25C}.Release|Win32.Build.0 = Release|Win32
		{959E784C-8302-4946-9A3B-E119FF68F25C}.Release-mmx|Win32.ActiveCfg = Release-mmx|Win32
		{959E784C-8302-4946-9A3B-E119FF68F25C}.Release-mmx|Win32.Build.0 = Release-mmx|Win32
		{959E784C-8302-4946-9A3B-E119FF68F25C}.Static-Debug|Win32.ActiveCfg = Debug|Win32
		{959E784C-8302-4946-9A3B-E119FF68F25C}.Static-Debug|Win32.Build.0 = Debug|Win32
		{959E784C-8302-4946-9A3B-E119FF68F25C}.Static-Debug-mmx|Win32.ActiveCfg = Static-Debug-mmx|Win32
		{959E784C-8302-4946-9A3B-E119FF68F25C}.Static-Debug-mmx|Win32.Build.0 = Static-Debug-mmx|Win32
		{959E784C-8302-4946-9A3B-E119FF68F25C}.Static-Release|Win32.ActiveCfg = Release|Win32
		{959E784C-8302-4946-9A3B-E119FF68F25C}.Static-Release|Win32.Build.0 = Release|Win32
		{959E784C-8302-4946-9A3B-E119FF68F25C}.Static-release-mmx|Win32.ActiveCfg = Static-release-mmx|Win32
		{959E784C-8302-4946-9A3B-E119FF68F25C}.Static-release-mmx|Win32.Build.0 = Static-release-mmx|Win32
		{EC4F243F-59EB-4357-A9CD-51231925047A}.Debug|Win32.ActiveCfg = Debug|Win32
		{EC4F243F-59EB-4357-A9CD-51231925047A}.Debug|Win32.Build.0 = Debug|Win32
		{EC4F243F-59EB-4357-A9CD-51231925047A}.Debug-mmx|Win32.ActiveCfg = Debug-mmx|Win32
		{EC4F243F-59EB-4357-A9CD-51231925047A}.Debug-mmx|Win32.Build.0 = Debug-mmx|Win32
		{EC4F243F-59EB-4357-A9CD-51231925047A}.Release|Win32.ActiveCfg = Release|Win32
		{EC4F243F-59EB-4357-A9CD-51231925047A}.Release|Win32.Build.0 = Release|Win32
		{EC4F243F-59EB-4357-A9CD-51231925047A}.Release-mmx|Win32.ActiveCfg = Release-mmx|Win32
		{EC4F243F-59EB-4357-A9CD-51231925047A}.Release-mmx|Win32.Build.0 = Release-mmx|Win32
		{EC4F243F-59EB-4357-A9CD-51231925047A}.Static-Debug|Win32.ActiveCfg = Debug|Win32
		{EC4F243F-59EB-4357-A9CD-51231925047A}.Static-Debug|Win32.Build.0 = Debug|Win32
		{EC4F243F-59EB-4357-A9CD-51231925047A}.Static-Debug-mmx|Win32.ActiveCfg = Static-Debug-mmx|Win32
		{EC4F243F-59EB-4357-A9CD-51231925047A}.Static-Debug-mmx|Win32.Build.0 = Static-Debug-mmx|Win32
		{EC4F243F-59EB-4357-A9CD-51231925047A}.Static-Release|Win32.ActiveCfg = Release|Win32
		{EC4F243F-59EB-4357-A9CD-51231925047A}.Static-Release|Win32.Build.0 = Release|Win32
		{EC4F243F-59EB-4357-A9CD-51231925047A}.Static-release-mmx|Win32.ActiveCfg = Static-release-mmx|Win32
		{EC4F243F-59EB-4357-A9CD-51231925047A}.Static-release-mmx|Win32.Build.0 = Static-release-mmx|Win32
		{D9235668-CCC4-4D49-9457-C22D55F38A13}.Debug|Win32.ActiveCfg = Debug|Win32
		{D9235668-CCC4-4D49-9457-C22D55F38A13}.Debug|Win32.Build.0 = Debug|Win32
		{D9235668-CCC4-4D49-9457-C22D55F38A13}.Debug-mmx|Win32.ActiveCfg = Debug-mmx|Win32
		{D9235668-CCC4-4D49-9457-C22D55F38A13}.Debug-mmx|Win32.Build.0 = Debug-mmx|Win32
		{D9235668-CCC4-4D49-9457-C22D55F38A13}.Release|Win32.ActiveCfg = Release|Win32
		{D9235668-CCC4-4D49-9457-C22D55F38A13}.Release|Win32.Build.0 = Release|Win32
		{D9235668-CCC4-4D49-9457-C22D55F38A13}.Release-mmx|Win32.ActiveCfg = Release-mmx|Win32
		{D9235668-CCC4-4D49-9457-C22D55F38A13}.Release-mmx|Win32.Build.0 = Release-mmx|Win32
		{D9235668-CCC4-4D49-9457-C22D55F38A13}.Static-Debug|Win32.ActiveCfg = Debug|Win32
		{D9235668-CCC4-4D49-9457-C22D55F38A13}.Static-Debug|Win32.Build.0 = Debug|Win32
		{D9235668-CCC4-4D49-9457-C22D55F38A13}.Static-Debug-mmx|Win32.ActiveCfg = Static-Debug-mmx|Win32
		{D9235668-CCC4-4D49-9457-C22D55F38A13}.Static-Debug-mmx|Win32.Build.0 = Static-Debug-mmx|Win32
		{D9235668-CCC4-4D49-9457-C22D55F38A13}.Static-Release|Win32.ActiveCfg = Release|Win32
		{D9235668-CCC4-4D49-9457-C22D55F38A13}.Static-Release|Win32.Build.0 = Release|Win32
		{D9235668-CCC4-4D49-9457-C22D55F38A13}.Static-release-mmx|Win32.ActiveCfg = Static-release-mmx|Win32
		{D9235668-CCC4-4D49-9457-C22D55F38A13}.Static-release-mmx|Win32.Build.0 = Static-release-mmx|Win32
		{F48438BC-2E0A-4559-9A20-B4D8F032BE6A}.Debug|Win32.ActiveCfg = Debug|Win32
		{F48438BC-2E0A-4559-9A20-B4D8F032BE6A}.Debug|Win32.Build.0 = Debug|Win32
		{F48438BC-2E0A-4559-9A20-B4D8F032BE6A}.Debug-mmx|Win32.ActiveCfg = Debug-mmx|Win32
		{F48438BC-2E0A-4559-9A20-B4D8F032BE6A}.Debug-mmx|Win32.Build.0 = Debug-mmx|Win32
		{F48438BC-2E0A-4559-9A20-B4D8F032BE6A}.Release|Win32.ActiveCfg = Release|Win32
		{F48438BC-2E0A-4559-9A20-B4D8F032BE6A}.Release|Win32.Build.0 = Release|Win32
		{F48438BC-2E0A-4559-9A20-B4D8F032BE6A}.Release-mmx|Win32.ActiveCfg = Release-mmx|Win32
		{F48438BC-2E0A-4559-9A20-B4D8F032BE6A}.Release-mmx|Win32.Build.0 = Release-mmx|Win32
		{F48438BC-2E0A-4559-9A20-B4D8F032BE6A}.Static-Debug|Win32.ActiveCfg = Debug|Win32
		{F48438BC-2E0A-4559-9A20-B4D8F032BE6A}.Static-Debug|Win32.Build.0 = Debug|Win32
		{F48438BC-2E0A-4559-9A20-B4D8F032BE6A}.Static-Debug-mmx|Win32.ActiveCfg = Static-Debug-mmx|Win32
		{F48438BC-2E0A-4559-9A20-B4D8F032BE6A}.Static-Debug-mmx|Win32.Build.0 = Static-Debug-mmx|Win32
		{F48438BC-2E0A-4559-9A20-B4D8F032BE6A}.Static-Release|Win32.ActiveCfg = Release|Win32
		{F48438BC-2E0A-4559-9A20-B4D8F032BE6A}.Static-Release|Win32.Build.0 = Release|Win32
		{F48438BC-2E0A-4559-9A20-B4D8F032BE6A}.Static-release-mmx|Win32.ActiveCfg = Static-release-mmx|Win32
		{F48438BC-2E0A-4559-9A20-B4D8F032BE6A}.Static-release-mmx|Win32.Build.0 = Static-release-mmx|Win32
		{95293CF2-A288-44C8-970C-6CF4685C35D7}.Debug|Win32.ActiveCfg = Debug|Win32
		{95293CF2-A288-44C8-970C-6CF4685C35D7}.Debug|Win32.Build.0 = Debug|Win32
		{95293CF2-A288-44C8-970C-6CF4685C35D7}.Debug-mmx|Win32.ActiveCfg = Debug-mmx|Win32
		{95293CF2-A288-44C8-970C-6CF4685C35D7}.Debug-mmx|Win32.Build.0 = Debug-mmx|Win32
		{95293CF2-A288-44C8-970C-6CF4685C35D7}.Release|Win32.ActiveCfg = Release|Win32
		{95293CF2-A288-44C8-970C-6CF4685C35D7}.Release|Win32.Build.0 = Release|Win32
		{95293CF2-A288-44C8-970C-6CF4685C35D7}.Release-mmx|Win32.ActiveCfg = Release-mmx|Win32
		{95293CF2-A288-44C8-970C-6CF4685C35D7}.Release-mmx|Win32.Build.0 = Release-mmx|Win32
		{95293CF2-A288-44C8-970C-6CF4685C35D7}.Static-Debug|Win32.ActiveCfg = Debug|Win32
		{95293CF2-A288-44C8-970C-6CF4685C35D7}.Static-Debug|Win32.Build.0 = Debug|Win32
		{95293CF2-A288-44C8-970C-6CF4685C35D7}.Static-Debug-mmx|Win32.ActiveCfg = Static-Debug-mmx|Win32
		{95293CF2-A288-44C8-970C-6CF4685C35D7}.Static-Debug-mmx|Win32.Build.0 = Static-Debug-mmx|Win32
		{95293CF2-A288-44C8-970C-6CF4685C35D7}.Static-Release|Win32.ActiveCfg = Release|Win32
		{95293CF2-A288-44C8-970C-6CF4685C35D7}.Static-Release|Win32.Build.0 = Release|Win32
		{95293CF2-A288-44C8-970C-6CF4685C35D7}.Static-release-mmx|Win32.ActiveCfg = Static-release-mmx|Win32
		{95293CF2-A288-44C8-970C-6CF4685C35D7}.Static-release-mmx|Win32.Build.0 = Static-release-mmx|Win32
		{E932FA89-6EAA-4D9C-A5D3-1C84E3CB7210}.Debug|Win32.ActiveCfg = Debug|Win32
		{E932FA89-6EAA-4D9C-A5D3-1C84E3CB7210}.Debug|Win32.Build.0 = Debug|Win32
		{E932FA89-6EAA-4D9C-A5D3-1C84E3CB7210}.Debug-mmx|Win32.ActiveCfg = Debug-mmx|Win32
		{E932FA89-6EAA-4D9C-A5D3-1C84E3CB7210}.Debug-mmx|Win32.Build.0 = Debug-mmx|Win32
		{E932FA89-6EAA-4D9C-A5D3-1C84E3CB7210}.Release|Win32.ActiveCfg = Release|Win32
		{E932FA89-6EAA-4D9C-A5D3-1C84E3CB7210}.Release|Win32.Build.0 = Release|Win32
		{E932FA89-6EAA-4D9C-A5D3-1C84E3CB7210}.Release-mmx|Win32.ActiveCfg = Release-mmx|Win32
		{E932FA89-6EAA-4D9C-A5D3-1C84E3CB7210}.Release-mmx|Win32.Build.0 = Release-mmx|Win32
		{E932FA89-6EAA-4D9C-A5D3-1C84E3CB7210}.Static-Debug|Win32.ActiveCfg = Static-Debug|Win32
		{E932FA89-6EAA-4D9C-A5D3-1C84E3CB7210}.Static-Debug|Win32.Build.0 = Static-Debug|Win32
		{E932FA89-6EAA-4D9C-A5D3-1C84E3CB7210}.Static-Debug-mmx|Win32.ActiveCfg = Static-Debug-mmx|Win32
		{E932FA89-6EAA-4D9C-A5D3-1C84E3CB7210}.Static-Debug-mmx|Win32.Build.0 = Static-Debug-mmx|Win32
		{E932FA89-6EAA-4D9C-A5D3-1C84E3CB7210}.Static-Release|Win32.ActiveCfg = Static-Release|Win32
		{E932FA89-6EAA-4D9C-A5D3-1C84E3CB7210}.Static-Release|Win32.Build.0 = Static-Release|Win32
		{E932FA89-6EAA-4D9C-A5D3-1C84E3CB7210}.Static-release-mmx|Win32.ActiveCfg = Static-release-mmx|Win32
		{E932FA89-6EAA-4D9C-A5D3-1C84E3CB7210}.Static-release-mmx|Win32.Build.0 = Static-release-mmx|Win32
		{E474E61D-AA40-40C5-8DDD-208CCC21463E}.Debug|Win32.ActiveCfg = Debug|Win32
		{E474E61D-AA40-40C5-8DDD-208CCC21463E}.Debug|Win32.Build.0 = Debug|Win32
		{E474E61D-AA40-40C5-8DDD-208CCC21463E}.Debug-mmx|Win32.ActiveCfg = Debug|Win32
		{E474E61D-AA40-40C5-8DDD-208CCC21463E}.Debug-mmx|Win32.Build.0 = Debug|Win32
		{E474E61D-AA40-40C5-8DDD-208CCC21463E}.Release|Win32.ActiveCfg = Release|Win32
		{E474E61D-AA40-40C5-8DDD-208CCC21463E}.Release|Win32.Build.0 = Release|Win32
		{E474E61D-AA40-40C5-8DDD-208CCC21463E}.Release-mmx|Win32.ActiveCfg = Release|Win32
		{E474E61D-AA40-40C5-8DDD-208CCC21463E}.Release-mmx|Win32.Build.0 = Release|Win32
		{E474E61D-AA40-40C5-8DDD-208CCC21463E}.Static-Debug|Win32.ActiveCfg = Debug|Win32
		{E474E61D-AA40-40C5-8DDD-208CCC21463E}.Static-Debug|Win32.Build.0 = Debug|Win32
		{E474E61D-AA40-40C5-8DDD-208CCC21463E}.Static-Debug-mmx|Win32.ActiveCfg = Debug|Win32
		{E474E61D-AA40-40C5-8DDD-208CCC21463E}.Static-Debug-mmx|Win32.Build.0 = Debug|Win32
		{E474E61D-AA40-40C5-8DDD-208CCC21463E}.Static-Release|Win32.ActiveCfg = Release|Win32
		{E474E61D-AA40-40C5-8DDD-208CCC21463E}.Static-Release|Win32.Build.0 = Release|Win32
		{E474E61D-AA40-40C5-8DDD-208CCC21463E}.Static-release-mmx|Win32.ActiveCfg = Release|Win32
		{E474E61D-AA40-40C5-8DDD-208CCC21463E}.Static-release-mmx|Win32.Build.0 = Release|Win32
		{D613EAEF-F613-466C-BAE1-6BCDBC04FC57}.Debug|Win32.ActiveCfg = Debug|Win32
		{D613EAEF-F613-466C-BAE1-6BCDBC04FC57}.Debug|Win32.Build.0 = Debug|Win32
		{D613EAEF-F613-466C-BAE1-6BCDBC04FC57}.Debug-mmx|Win32.ActiveCfg = Debug-mmx|Win32
		{D613EAEF-F613-466C-BAE1-6BCDBC04FC57}.Debug-mmx|Win32.Build.0 = Debug-mmx|Win32
		{D613EAEF-F613-466C-BAE1-6BCDBC04FC57}.Release|Win32.ActiveCfg = Release|Win32
		{D613EAEF-F613-466C-BAE1-6BCDBC04FC57}.Release|Win32.Build.0 = Release|Win32
		{D613EAEF-F613-466C-BAE1-6BCDBC04FC57}.Release-mmx|Win32.ActiveCfg = Release-mmx|Win32
		{D613EAEF-F613-466C-BAE1-6BCDBC04FC57}.Release-mmx|Win32.Build.0 = Release-mmx|Win32
		{D613EAEF-F613-466C-BAE1-6BCDBC04FC57}.Static-Debug|Win32.ActiveCfg = Debug|Win32
		{D613EAEF-F613-466C-BAE1-6BCDBC04FC57}.Static-Debug|Win32.Build.0 = Debug|Win32
		{D613EAEF-F613-466C-BAE1-6BCDBC04FC57}.Static-Debug-mmx|Win32.ActiveCfg = Static-Debug-mmx|Win32
		{D613EAEF-F613-466C-BAE1-6BCDBC04FC57}.Static-Debug-mmx|Win32.Build.0 = Static-Debug-mmx|Win32
		{D613EAEF-F613-466C-BAE1-6BCDBC04FC57}.Static-Release|Win32.ActiveCfg = Release|Win32
		{D613EAEF-F613-466C-BAE1-6BCDBC04FC57}.Static-Release|Win32.Build.0 = Release|Win32
		{D613EAEF-F613-466C-BAE1-6BCDBC04FC57}.Static-release-mmx|Win32.ActiveCfg = Static-release-mmx|Win32
		{D613EAEF-F613-466C-BAE1-6BCDBC04FC57}.Static-release-mmx|Win32.Build.0 = Static-release-mmx|Win32
		{5579028B-4553-41A8-9C01-1412C9DCF020}.Debug|Win32.ActiveCfg = Debug|Win32
		{5579028B-4553-41A8-9C01-1412C9DCF020}.Debug|Win32.Build.0 = Debug|Win32
		{5579028B-4553-41A8-9C01-1412C9DCF020}.Debug-mmx|Win32.ActiveCfg = Debug-mmx|Win32
		{5579028B-4553-41A8-9C01-1412C9DCF020}.Debug-mmx|Win32.Build.0 = Debug-mmx|Win32
		{5579028B-4553-41A8-9C01-1412C9DCF020}.Release|Win32.ActiveCfg = Release|Win32
		{5579028B-4553-41A8-9C01-1412C9DCF020}.Release|Win32.Build.0 = Release|Win32
		{5579028B-4553-41A8-9C01-1412C9DCF020}.Release-mmx|Win32.ActiveCfg = Release-mmx|Win32
		{5579028B-4553-41A8-9C01-1412C9DCF020}.Release-mmx|Win32.Build.0 = Release-mmx|Win32
		{5579028B-4553-41A8-9C01-1412C9DCF020}.Static-Debug|Win32.ActiveCfg = Debug|Win32
		{5579028B-4553-41A8-9C01-1412C9DCF020}.Static-Debug|Win32.Build.0 = Debug|Win32
		{5579028B-4553-41A8-9C01-1412C9DCF020}.Static-Debug-mmx|Win32.ActiveCfg = Static-Debug-mmx|Win32
		{5579028B-4553-41A8-9C01-1412C9DCF020}.Static-Debug-mmx|Win32.Build.0 = Static-Debug-mmx|Win32
		{5579028B-4553-41A8-9C01-1412C9DCF020}.Static-Release|Win32.ActiveCfg = Release|Win32
		{5579028B-4553-41A8-9C01-1412C9DCF020}.Static-Release|Win32.Build.0 = Release|Win32
		{5579028B-4553-41A8-9C01-1412C9DCF020}.Static-release-mmx|Win32.ActiveCfg = Static-release-mmx|Win32
		{5579028B-4553-41A8-9C01-1412C9DCF020}.Static-release-mmx|Win32.Build.0 = Static-release-mmx|Win32
		{6DA37C72-EBA6-4361-9DED-BDB1E668D0F2}.Debug|Win32.ActiveCfg = Debug|Win32
		{6DA37C72-EBA6-4361-9DED-BDB1E668D0F2}.Debug|Win32.Build.0 = Debug|Win32
		{6DA37C72-EBA6-4361-9DED-BDB1E668D0F2}.Debug-mmx|Win32.ActiveCfg = Debug-mmx|Win32
		{6DA37C72-EBA6-4361-9DED-BDB1E668D0F2}.Debug-mmx|Win32.Build.0 = Debug-mmx|Win32
		{6DA37C72-EBA6-4361-9DED-BDB1E668D0F2}.Release|Win32.ActiveCfg = Release|Win32
		{6DA37C72-EBA6-4361-9DED-BDB1E668D0F2}.Release|Win32.Build.0 = Release|Win32
		{6DA37C72-EBA6-4361-9DED-BDB1E668D0F2}.Release-mmx|Win32.ActiveCfg = Release-mmx|Win32
		{6DA37C72-EBA6-4361-9DED-BDB1E668D0F2}.Release-mmx|Win32.Build.0 = Release-mmx|Win32
		{6DA37C72-EBA6-4361-9DED-BDB1E668D0F2}.Static-Debug|Win32.ActiveCfg = Debug|Win32
		{6DA37C72-EBA6-4361-9DED-BDB1E668D0F2}.Static-Debug|Win32.Build.0 = Debug|Win32
		{6DA37C72-EBA6-4361-9DED-BDB1E668D0F2}.Static-Debug-mmx|Win32.ActiveCfg = Static-Debug-mmx|Win32
		{6DA37C72-EBA6-4361-9DED-BDB1E668D0F2}.Static-Debug-mmx|Win32.Build.0 = Static-Debug-mmx|Win32
		{6DA37C72-EBA6-4361-9DED-BDB1E668D0F2}.Static-Release|Win32.ActiveCfg = Release|Win32
		{6DA37C72-EBA6-4361-9DED-BDB1E668D0F2}.Static-Release|Win32.Build.0 = Release|Win32
		{6DA37C72-EBA6-4361-9DED-BDB1E668D0F2}.Static-release-mmx|Win32.ActiveCfg = Static-release-mmx|Win32
		{6DA37C72-EBA6-4361-9DED-BDB1E668D0F2}.Static-release-mmx|Win32.Build.0 = Static-release-mmx|Win32
		{1F22130E-4AE0-4884-AB16-20DAC400CBC2}.Debug|Win32.ActiveCfg = Debug|Win32
		{1F22130E-4AE0-4884-AB16-20DAC400CBC2}.Debug|Win32.Build.0 = Debug|Win32
		{1F22130E-4AE0-4884-AB16-20DAC400CBC2}.Debug-mmx|Win32.ActiveCfg = Debug-mmx|Win32
		{1F22130E-4AE0-4884-AB16-20DAC400CBC2}.Debug-mmx|Win32.Build.0 = Debug-mmx|Win32
		{1F22130E-4AE0-4884-AB16-20DAC400CBC2}.Release|Win32.ActiveCfg = Release|Win32
		{1F22130E-4AE0-4884-AB16-20DAC400CBC2}.Release|Win32.Build.0 = Release|Win32
		{1F22130E-4AE0-4884-AB16-20DAC400CBC2}.Release-mmx|Win32.ActiveCfg = Release-mmx|Win32
		{1F22130E-4AE0-4884-AB16-20DAC400CBC2}.Release-mmx|Win32.Build.0 = Release-mmx|Win32
		{1F22130E-4AE0-4884-AB16-20DAC400CBC2}.Static-Debug|Win32.ActiveCfg = Debug|Win32
		{1F22130E-4AE0-4884-AB16-20DAC400CBC2}.Static-Debug|Win32.Build.0 = Debug|Win32
		{1F22130E-4AE0-4884-AB16-20DAC400CBC2}.Static-Debug-mmx|Win32.ActiveCfg = Static-Debug-mmx|Win32
		{1F22130E-4AE0-4884-AB16-20DAC400CBC2}.Static-Debug-mmx|Win32.Build.0 = Static-Debug-mmx|Win32
		{1F22130E-4AE0-4884-AB16-20DAC400CBC2}.Static-Release|Win32.ActiveCfg = Release|Win32
		{1F22130E-4AE0-4884-AB16-20DAC400CBC2}.Static-Release|Win32.Build.0 = Release|Win32
		{1F22130E-4AE0-4884-AB16-20DAC400CBC2}.Static-release-mmx|Win32.ActiveCfg = Static-release-mmx|Win32
		{1F22130E-4AE0-4884-AB16-20DAC400CBC2}.Static-release-mmx|Win32.Build.0 = Static-release-mmx|Win32
		{A78E1551-2A92-49D8-B6D5-0B4D54C4BF12}.Debug|Win32.ActiveCfg = Debug|Win32
		{A78E1551-2A92-49D8-B6D5-0B4D54C4BF12}.Debug|Win32.Build.0 = Debug|Win32
		{A78E1551-2A92-49D8-B6D5-0B4D54C4BF12}.Debug-mmx|Win32.ActiveCfg = Debug-mmx|Win32
		{A78E1551-2A92-49D8-B6D5-0B4D54C4BF12}.Debug-mmx|Win32.Build.0 = Debug-mmx|Win32
		{A78E1551-2A92-49D8-B6D5-0B4D54C4BF12}.Release|Win32.ActiveCfg = Release|Win32
		{A78E1551-2A92-49D8-B6D5-0B4D54C4BF12}.Release|Win32.Build.0 = Release|Win32
		{A78E1551-2A92-49D8-B6D5-0B4D54C4BF12}.Release-mmx|Win32.ActiveCfg = Release-mmx|Win32
		{A78E1551-2A92-49D8-B6D5-0B4D54C4BF12}.Release-mmx|Win32.Build.0 = Release-mmx|Win32
		{A78E1551-2A92-49D8-B6D5-0B4D54C4BF12}.Static-Debug|Win32.ActiveCfg = Debug|Win32
		{A78E1551-2A92-49D8-B6D5-0B4D54C4BF12}.Static-Debug|Win32.Build.0 = Debug|Win32
		{A78E1551-2A92-49D8-B6D5-0B4D54C4BF12}.Static-Debug-mmx|Win32.ActiveCfg = Static-Debug-mmx|Win32
		{A78E1551-2A92-49D8-B6D5-0B4D54C4BF12}.Static-Debug-mmx|Win32.Build.0 = Static-Debug-mmx|Win32
		{A78E1551-2A92-49D8-B6D5-0B4D54C4BF12}.Static-Release|Win32.ActiveCfg = Release|Win32
		{A78E1551-2A92-49D8-B6D5-0B4D54C4BF12}.Static-Release|Win32.Build.0 = Release|Win32
		{A78E1551-2A92-49D8-B6D5-0B4D54C4BF12}.Static-release-mmx|Win32.ActiveCfg = Static-Release-mmx|Win32
		{A78E1551-2A92-49D8-B6D5-0B4D54C4BF12}.Static-release-mmx|Win32.Build.0 = Static-Release-mmx|Win32
		{20F2AF91-2DE4-4444-9E6A-27C69BC481CD}.Debug|Win32.ActiveCfg = Debug|Win32
		{20F2AF91-2DE4-4444-9E6A-27C69BC481CD}.Debug|Win32.Build.0 = Debug|Win32
		{20F2AF91-2DE4-4444-9E6A-27C69BC481CD}.Debug-mmx|Win32.ActiveCfg = Debug-mmx|Win32
		{20F2AF91-2DE4-4444-9E6A-27C69BC481CD}.Debug-mmx|Win32.Build.0 = Debug-mmx|Win32
		{20F2AF91-2DE4-4444-9E6A-27C69BC481CD}.Release|Win32.ActiveCfg = Release|Win32
		{20F2AF91-2DE4-4444-9E6A-27C69BC481CD}.Release|Win32.Build.0 = Release|Win32
		{20F2AF91-2DE4-4444-9E6A-27C69BC481CD}.Release-mmx|Win32.ActiveCfg = Release-mmx|Win32
		{20F2AF91-2DE4-4444-9E6A-27C69BC481CD}.Release-mmx|Win32.Build.0 = Release-mmx|Win32
		{20F2AF91-2DE4-4444-9E6A-27C69BC481CD}.Static-Debug|Win32.ActiveCfg = Debug|Win32
		{20F2AF91-2DE4-4444-9E6A-27C69BC481CD}.Static-Debug|Win32.Build.0 = Debug|Win32
		{20F2AF91-2DE4-4444-9E6A-27C69BC481CD}.Static-Debug-mmx|Win32.ActiveCfg = Static-Debug-mmx|Win32
		{20F2AF91-2DE4-4444-9E6A-27C69BC481CD}.Static-Debug-mmx|Win32.Build.0 = Static-Debug-mmx|Win32
		{20F2AF91-2DE4-4444-9E6A-27C69BC481CD}.Static-Release|Win32.ActiveCfg = Release|Win32
		{20F2AF91-2DE4-4444-9E6A-27C69BC481CD}.Static-Release|Win32.Build.0 = Release|Win32
		{20F2AF91-2DE4-4444-9E6A-27C69BC481CD}.Static-release-mmx|Win32.ActiveCfg = Static-Release-mmx|Win32
		{20F2AF91-2DE4-4444-9E6A-27C69BC481CD}.Static-release-mmx|Win32.Build.0 = Static-Release-mmx|Win32
	EndGlobalSection
	GlobalSection(SolutionProperties) = preSolution
		HideSolutionNode = FALSE
	EndGlobalSection
EndGlobal
